
Microsoft Visual Studio Solution File, Format Version 12.00
# Visual Studio Version 17
VisualStudioVersion = 17.5.33516.290
MinimumVisualStudioVersion = 10.0.40219.1
Project("{FAE04EC0-301F-11D3-BF4B-00C04F79EFBC}") = "semana9(act2)ejercicio2", "semana9(act2)ejercicio2\semana9(act2)ejercicio2.csproj", "{A8D4C2D9-5614-48A1-B1DA-2ECCF5432DC3}"
EndProject
Global
	GlobalSection(SolutionConfigurationPlatforms) = preSolution
		Debug|Any CPU = Debug|Any CPU
		Release|Any CPU = Release|Any CPU
	EndGlobalSection
	GlobalSection(ProjectConfigurationPlatforms) = postSolution
		{A8D4C2D9-5614-48A1-B1DA-2ECCF5432DC3}.Debug|Any CPU.ActiveCfg = Debug|Any CPU
		{A8D4C2D9-5614-48A1-B1DA-2ECCF5432DC3}.Debug|Any CPU.Build.0 = Debug|Any CPU
		{A8D4C2D9-5614-48A1-B1DA-2ECCF5432DC3}.Release|Any CPU.ActiveCfg = Release|Any CPU
		{A8D4C2D9-5614-48A1-B1DA-2ECCF5432DC3}.Release|Any CPU.Build.0 = Release|Any CPU
	EndGlobalSection
	GlobalSection(SolutionProperties) = preSolution
		HideSolutionNode = FALSE
	EndGlobalSection
	GlobalSection(ExtensibilityGlobals) = postSolution
		SolutionGuid = {9EEA094A-F627-4528-B8DB-6DB507FF699F}
	EndGlobalSection
EndGlobal
